// !$*UTF8*$!
{
	archiveVersion = 1;
	classes = {
	};
	objectVersion = 55;
	objects = {

/* Begin PBXBuildFile section */
		7601F7E2274BE23800FAA772 /* Excercise.swift in Sources */ = {isa = PBXBuildFile; fileRef = 7601F7E0274BE23800FAA772 /* Excercise.swift */; };
		7601F7E3274BE23800FAA772 /* Cycle.swift in Sources */ = {isa = PBXBuildFile; fileRef = 7601F7E1274BE23800FAA772 /* Cycle.swift */; };
		7601F7E6274BE26F00FAA772 /* ExcerciseView.swift in Sources */ = {isa = PBXBuildFile; fileRef = 7601F7E4274BE26F00FAA772 /* ExcerciseView.swift */; };
		7601F7E7274BE26F00FAA772 /* ExcercisesListView.swift in Sources */ = {isa = PBXBuildFile; fileRef = 7601F7E5274BE26F00FAA772 /* ExcercisesListView.swift */; };
		76D76DFB2742BD080085C294 /* RippleApp.swift in Sources */ = {isa = PBXBuildFile; fileRef = 76D76DFA2742BD080085C294 /* RippleApp.swift */; };
		76D76DFD2742BD080085C294 /* ContentView.swift in Sources */ = {isa = PBXBuildFile; fileRef = 76D76DFC2742BD080085C294 /* ContentView.swift */; };
		76D76DFF2742BD0A0085C294 /* Assets.xcassets in Resources */ = {isa = PBXBuildFile; fileRef = 76D76DFE2742BD0A0085C294 /* Assets.xcassets */; };
		76D76E022742BD0A0085C294 /* Preview Assets.xcassets in Resources */ = {isa = PBXBuildFile; fileRef = 76D76E012742BD0A0085C294 /* Preview Assets.xcassets */; };
		76D76E09274547610085C294 /* RhythmView.swift in Sources */ = {isa = PBXBuildFile; fileRef = 76D76E08274547610085C294 /* RhythmView.swift */; };
		76D76E162746C0070085C294 /* StandartColor.swift in Sources */ = {isa = PBXBuildFile; fileRef = 76D76E152746C0070085C294 /* StandartColor.swift */; };
		9E2CE603274BF75E00C4BD62 /* SoundList.swift in Sources */ = {isa = PBXBuildFile; fileRef = 9E2CE602274BF75E00C4BD62 /* SoundList.swift */; };
		9E2CE605274BF7FC00C4BD62 /* Sound.swift in Sources */ = {isa = PBXBuildFile; fileRef = 9E2CE604274BF7FC00C4BD62 /* Sound.swift */; };
/* End PBXBuildFile section */

/* Begin PBXFileReference section */
		7601F7E0274BE23800FAA772 /* Excercise.swift */ = {isa = PBXFileReference; fileEncoding = 4; lastKnownFileType = sourcecode.swift; path = Excercise.swift; sourceTree = "<group>"; };
		7601F7E1274BE23800FAA772 /* Cycle.swift */ = {isa = PBXFileReference; fileEncoding = 4; lastKnownFileType = sourcecode.swift; path = Cycle.swift; sourceTree = "<group>"; };
		7601F7E4274BE26F00FAA772 /* ExcerciseView.swift */ = {isa = PBXFileReference; fileEncoding = 4; lastKnownFileType = sourcecode.swift; path = ExcerciseView.swift; sourceTree = "<group>"; };
		7601F7E5274BE26F00FAA772 /* ExcercisesListView.swift */ = {isa = PBXFileReference; fileEncoding = 4; lastKnownFileType = sourcecode.swift; path = ExcercisesListView.swift; sourceTree = "<group>"; };
		76D76DF72742BD080085C294 /* Ripple.app */ = {isa = PBXFileReference; explicitFileType = wrapper.application; includeInIndex = 0; path = Ripple.app; sourceTree = BUILT_PRODUCTS_DIR; };
		76D76DFA2742BD080085C294 /* RippleApp.swift */ = {isa = PBXFileReference; lastKnownFileType = sourcecode.swift; path = RippleApp.swift; sourceTree = "<group>"; };
		76D76DFC2742BD080085C294 /* ContentView.swift */ = {isa = PBXFileReference; lastKnownFileType = sourcecode.swift; path = ContentView.swift; sourceTree = "<group>"; };
		76D76DFE2742BD0A0085C294 /* Assets.xcassets */ = {isa = PBXFileReference; lastKnownFileType = folder.assetcatalog; path = Assets.xcassets; sourceTree = "<group>"; };
		76D76E012742BD0A0085C294 /* Preview Assets.xcassets */ = {isa = PBXFileReference; lastKnownFileType = folder.assetcatalog; path = "Preview Assets.xcassets"; sourceTree = "<group>"; };
		76D76E08274547610085C294 /* RhythmView.swift */ = {isa = PBXFileReference; lastKnownFileType = sourcecode.swift; path = RhythmView.swift; sourceTree = "<group>"; };
		76D76E152746C0070085C294 /* StandartColor.swift */ = {isa = PBXFileReference; lastKnownFileType = sourcecode.swift; path = StandartColor.swift; sourceTree = "<group>"; };
		9E2CE602274BF75E00C4BD62 /* SoundList.swift */ = {isa = PBXFileReference; lastKnownFileType = sourcecode.swift; path = SoundList.swift; sourceTree = "<group>"; };
		9E2CE604274BF7FC00C4BD62 /* Sound.swift */ = {isa = PBXFileReference; lastKnownFileType = sourcecode.swift; path = Sound.swift; sourceTree = "<group>"; };
/* End PBXFileReference section */

/* Begin PBXFrameworksBuildPhase section */
		76D76DF42742BD080085C294 /* Frameworks */ = {
			isa = PBXFrameworksBuildPhase;
			buildActionMask = 2147483647;
			files = (
			);
			runOnlyForDeploymentPostprocessing = 0;
		};
/* End PBXFrameworksBuildPhase section */

/* Begin PBXGroup section */
		76D76DEE2742BD080085C294 = {
			isa = PBXGroup;
			children = (
				76D76DF92742BD080085C294 /* Ripple */,
				76D76DF82742BD080085C294 /* Products */,
			);
			sourceTree = "<group>";
		};
		76D76DF82742BD080085C294 /* Products */ = {
			isa = PBXGroup;
			children = (
				76D76DF72742BD080085C294 /* Ripple.app */,
			);
			name = Products;
			sourceTree = "<group>";
		};
		76D76DF92742BD080085C294 /* Ripple */ = {
			isa = PBXGroup;
			children = (
				76D76E122746B5F50085C294 /* Utils */,
				76D76E0D274547E80085C294 /* Model */,
				76D76E0C274547E00085C294 /* View */,
				76D76DFA2742BD080085C294 /* RippleApp.swift */,
				76D76DFE2742BD0A0085C294 /* Assets.xcassets */,
				76D76E002742BD0A0085C294 /* Preview Content */,
			);
			path = Ripple;
			sourceTree = "<group>";
		};
		76D76E002742BD0A0085C294 /* Preview Content */ = {
			isa = PBXGroup;
			children = (
				76D76E012742BD0A0085C294 /* Preview Assets.xcassets */,
			);
			path = "Preview Content";
			sourceTree = "<group>";
		};
		76D76E0C274547E00085C294 /* View */ = {
			isa = PBXGroup;
			children = (
				7601F7E5274BE26F00FAA772 /* ExcercisesListView.swift */,
				7601F7E4274BE26F00FAA772 /* ExcerciseView.swift */,
				76D76DFC2742BD080085C294 /* ContentView.swift */,
				76D76E08274547610085C294 /* RhythmView.swift */,
				9E2CE602274BF75E00C4BD62 /* SoundList.swift */,
			);
			path = View;
			sourceTree = "<group>";
		};
		76D76E0D274547E80085C294 /* Model */ = {
			isa = PBXGroup;
			children = (
				7601F7E1274BE23800FAA772 /* Cycle.swift */,
				7601F7E0274BE23800FAA772 /* Excercise.swift */,
				9E2CE604274BF7FC00C4BD62 /* Sound.swift */,
			);
			path = Model;
			sourceTree = "<group>";
		};
		76D76E122746B5F50085C294 /* Utils */ = {
			isa = PBXGroup;
			children = (
				76D76E152746C0070085C294 /* StandartColor.swift */,
			);
			path = Utils;
			sourceTree = "<group>";
		};
/* End PBXGroup section */

/* Begin PBXNativeTarget section */
		76D76DF62742BD080085C294 /* Ripple */ = {
			isa = PBXNativeTarget;
			buildConfigurationList = 76D76E052742BD0A0085C294 /* Build configuration list for PBXNativeTarget "Ripple" */;
			buildPhases = (
				76D76DF32742BD080085C294 /* Sources */,
				76D76DF42742BD080085C294 /* Frameworks */,
				76D76DF52742BD080085C294 /* Resources */,
			);
			buildRules = (
			);
			dependencies = (
			);
			name = Ripple;
			productName = Ripple;
			productReference = 76D76DF72742BD080085C294 /* Ripple.app */;
			productType = "com.apple.product-type.application";
		};
/* End PBXNativeTarget section */

/* Begin PBXProject section */
		76D76DEF2742BD080085C294 /* Project object */ = {
			isa = PBXProject;
			attributes = {
				BuildIndependentTargetsInParallel = 1;
				LastSwiftUpdateCheck = 1300;
				LastUpgradeCheck = 1300;
				TargetAttributes = {
					76D76DF62742BD080085C294 = {
						CreatedOnToolsVersion = 13.0;
					};
				};
			};
			buildConfigurationList = 76D76DF22742BD080085C294 /* Build configuration list for PBXProject "Ripple" */;
			compatibilityVersion = "Xcode 13.0";
			developmentRegion = en;
			hasScannedForEncodings = 0;
			knownRegions = (
				en,
				Base,
			);
			mainGroup = 76D76DEE2742BD080085C294;
			productRefGroup = 76D76DF82742BD080085C294 /* Products */;
			projectDirPath = "";
			projectRoot = "";
			targets = (
				76D76DF62742BD080085C294 /* Ripple */,
			);
		};
/* End PBXProject section */

/* Begin PBXResourcesBuildPhase section */
		76D76DF52742BD080085C294 /* Resources */ = {
			isa = PBXResourcesBuildPhase;
			buildActionMask = 2147483647;
			files = (
				76D76E022742BD0A0085C294 /* Preview Assets.xcassets in Resources */,
				76D76DFF2742BD0A0085C294 /* Assets.xcassets in Resources */,
			);
			runOnlyForDeploymentPostprocessing = 0;
		};
/* End PBXResourcesBuildPhase section */

/* Begin PBXSourcesBuildPhase section */
		76D76DF32742BD080085C294 /* Sources */ = {
			isa = PBXSourcesBuildPhase;
			buildActionMask = 2147483647;
			files = (
				7601F7E7274BE26F00FAA772 /* ExcercisesListView.swift in Sources */,
				9E2CE603274BF75E00C4BD62 /* SoundList.swift in Sources */,
				76D76DFD2742BD080085C294 /* ContentView.swift in Sources */,
				76D76E09274547610085C294 /* RhythmView.swift in Sources */,
				7601F7E3274BE23800FAA772 /* Cycle.swift in Sources */,
				9E2CE605274BF7FC00C4BD62 /* Sound.swift in Sources */,
				7601F7E6274BE26F00FAA772 /* ExcerciseView.swift in Sources */,
				76D76DFB2742BD080085C294 /* RippleApp.swift in Sources */,
				7601F7E2274BE23800FAA772 /* Excercise.swift in Sources */,
				76D76E162746C0070085C294 /* StandartColor.swift in Sources */,
			);
			runOnlyForDeploymentPostprocessing = 0;
		};
/* End PBXSourcesBuildPhase section */

/* Begin XCBuildConfiguration section */
		76D76E032742BD0A0085C294 /* Debug */ = {
			isa = XCBuildConfiguration;
			buildSettings = {
				ALWAYS_SEARCH_USER_PATHS = NO;
				CLANG_ANALYZER_NONNULL = YES;
				CLANG_ANALYZER_NUMBER_OBJECT_CONVERSION = YES_AGGRESSIVE;
				CLANG_CXX_LANGUAGE_STANDARD = "gnu++17";
				CLANG_CXX_LIBRARY = "libc++";
				CLANG_ENABLE_MODULES = YES;
				CLANG_ENABLE_OBJC_ARC = YES;
				CLANG_ENABLE_OBJC_WEAK = YES;
				CLANG_WARN_BLOCK_CAPTURE_AUTORELEASING = YES;
				CLANG_WARN_BOOL_CONVERSION = YES;
				CLANG_WARN_COMMA = YES;
				CLANG_WARN_CONSTANT_CONVERSION = YES;
				CLANG_WARN_DEPRECATED_OBJC_IMPLEMENTATIONS = YES;
				CLANG_WARN_DIRECT_OBJC_ISA_USAGE = YES_ERROR;
				CLANG_WARN_DOCUMENTATION_COMMENTS = YES;
				CLANG_WARN_EMPTY_BODY = YES;
				CLANG_WARN_ENUM_CONVERSION = YES;
				CLANG_WARN_INFINITE_RECURSION = YES;
				CLANG_WARN_INT_CONVERSION = YES;
				CLANG_WARN_NON_LITERAL_NULL_CONVERSION = YES;
				CLANG_WARN_OBJC_IMPLICIT_RETAIN_SELF = YES;
				CLANG_WARN_OBJC_LITERAL_CONVERSION = YES;
				CLANG_WARN_OBJC_ROOT_CLASS = YES_ERROR;
				CLANG_WARN_QUOTED_INCLUDE_IN_FRAMEWORK_HEADER = YES;
				CLANG_WARN_RANGE_LOOP_ANALYSIS = YES;
				CLANG_WARN_STRICT_PROTOTYPES = YES;
				CLANG_WARN_SUSPICIOUS_MOVE = YES;
				CLANG_WARN_UNGUARDED_AVAILABILITY = YES_AGGRESSIVE;
				CLANG_WARN_UNREACHABLE_CODE = YES;
				CLANG_WARN__DUPLICATE_METHOD_MATCH = YES;
				COPY_PHASE_STRIP = NO;
				DEBUG_INFORMATION_FORMAT = dwarf;
				ENABLE_STRICT_OBJC_MSGSEND = YES;
				ENABLE_TESTABILITY = YES;
				GCC_C_LANGUAGE_STANDARD = gnu11;
				GCC_DYNAMIC_NO_PIC = NO;
				GCC_NO_COMMON_BLOCKS = YES;
				GCC_OPTIMIZATION_LEVEL = 0;
				GCC_PREPROCESSOR_DEFINITIONS = (
					"DEBUG=1",
					"$(inherited)",
				);
				GCC_WARN_64_TO_32_BIT_CONVERSION = YES;
				GCC_WARN_ABOUT_RETURN_TYPE = YES_ERROR;
				GCC_WARN_UNDECLARED_SELECTOR = YES;
				GCC_WARN_UNINITIALIZED_AUTOS = YES_AGGRESSIVE;
				GCC_WARN_UNUSED_FUNCTION = YES;
				GCC_WARN_UNUSED_VARIABLE = YES;
				IPHONEOS_DEPLOYMENT_TARGET = 15.0;
				MTL_ENABLE_DEBUG_INFO = INCLUDE_SOURCE;
				MTL_FAST_MATH = YES;
				ONLY_ACTIVE_ARCH = YES;
				SDKROOT = iphoneos;
				SWIFT_ACTIVE_COMPILATION_CONDITIONS = DEBUG;
				SWIFT_OPTIMIZATION_LEVEL = "-Onone";
			};
			name = Debug;
		};
		76D76E042742BD0A0085C294 /* Release */ = {
			isa = XCBuildConfiguration;
			buildSettings = {
				ALWAYS_SEARCH_USER_PATHS = NO;
				CLANG_ANALYZER_NONNULL = YES;
				CLANG_ANALYZER_NUMBER_OBJECT_CONVERSION = YES_AGGRESSIVE;
				CLANG_CXX_LANGUAGE_STANDARD = "gnu++17";
				CLANG_CXX_LIBRARY = "libc++";
				CLANG_ENABLE_MODULES = YES;
				CLANG_ENABLE_OBJC_ARC = YES;
				CLANG_ENABLE_OBJC_WEAK = YES;
				CLANG_WARN_BLOCK_CAPTURE_AUTORELEASING = YES;
				CLANG_WARN_BOOL_CONVERSION = YES;
				CLANG_WARN_COMMA = YES;
				CLANG_WARN_CONSTANT_CONVERSION = YES;
				CLANG_WARN_DEPRECATED_OBJC_IMPLEMENTATIONS = YES;
				CLANG_WARN_DIRECT_OBJC_ISA_USAGE = YES_ERROR;
				CLANG_WARN_DOCUMENTATION_COMMENTS = YES;
				CLANG_WARN_EMPTY_BODY = YES;
				CLANG_WARN_ENUM_CONVERSION = YES;
				CLANG_WARN_INFINITE_RECURSION = YES;
				CLANG_WARN_INT_CONVERSION = YES;
				CLANG_WARN_NON_LITERAL_NULL_CONVERSION = YES;
				CLANG_WARN_OBJC_IMPLICIT_RETAIN_SELF = YES;
				CLANG_WARN_OBJC_LITERAL_CONVERSION = YES;
				CLANG_WARN_OBJC_ROOT_CLASS = YES_ERROR;
				CLANG_WARN_QUOTED_INCLUDE_IN_FRAMEWORK_HEADER = YES;
				CLANG_WARN_RANGE_LOOP_ANALYSIS = YES;
				CLANG_WARN_STRICT_PROTOTYPES = YES;
				CLANG_WARN_SUSPICIOUS_MOVE = YES;
				CLANG_WARN_UNGUARDED_AVAILABILITY = YES_AGGRESSIVE;
				CLANG_WARN_UNREACHABLE_CODE = YES;
				CLANG_WARN__DUPLICATE_METHOD_MATCH = YES;
				COPY_PHASE_STRIP = NO;
				DEBUG_INFORMATION_FORMAT = "dwarf-with-dsym";
				ENABLE_NS_ASSERTIONS = NO;
				ENABLE_STRICT_OBJC_MSGSEND = YES;
				GCC_C_LANGUAGE_STANDARD = gnu11;
				GCC_NO_COMMON_BLOCKS = YES;
				GCC_WARN_64_TO_32_BIT_CONVERSION = YES;
				GCC_WARN_ABOUT_RETURN_TYPE = YES_ERROR;
				GCC_WARN_UNDECLARED_SELECTOR = YES;
				GCC_WARN_UNINITIALIZED_AUTOS = YES_AGGRESSIVE;
				GCC_WARN_UNUSED_FUNCTION = YES;
				GCC_WARN_UNUSED_VARIABLE = YES;
				IPHONEOS_DEPLOYMENT_TARGET = 15.0;
				MTL_ENABLE_DEBUG_INFO = NO;
				MTL_FAST_MATH = YES;
				SDKROOT = iphoneos;
				SWIFT_COMPILATION_MODE = wholemodule;
				SWIFT_OPTIMIZATION_LEVEL = "-O";
				VALIDATE_PRODUCT = YES;
			};
			name = Release;
		};
		76D76E062742BD0A0085C294 /* Debug */ = {
			isa = XCBuildConfiguration;
			buildSettings = {
				ASSETCATALOG_COMPILER_APPICON_NAME = AppIcon;
				ASSETCATALOG_COMPILER_GLOBAL_ACCENT_COLOR_NAME = AccentColor;
				CODE_SIGN_STYLE = Automatic;
				CURRENT_PROJECT_VERSION = 1;
				DEVELOPMENT_ASSET_PATHS = "\"Ripple/Preview Content\"";
				ENABLE_PREVIEWS = YES;
				GENERATE_INFOPLIST_FILE = YES;
				INFOPLIST_KEY_UIApplicationSceneManifest_Generation = YES;
				INFOPLIST_KEY_UIApplicationSupportsIndirectInputEvents = YES;
				INFOPLIST_KEY_UILaunchScreen_Generation = YES;
				INFOPLIST_KEY_UISupportedInterfaceOrientations_iPad = "UIInterfaceOrientationPortrait UIInterfaceOrientationPortraitUpsideDown UIInterfaceOrientationLandscapeLeft UIInterfaceOrientationLandscapeRight";
				INFOPLIST_KEY_UISupportedInterfaceOrientations_iPhone = "UIInterfaceOrientationPortrait UIInterfaceOrientationLandscapeLeft UIInterfaceOrientationLandscapeRight";
				IPHONEOS_DEPLOYMENT_TARGET = 14.0;
				LD_RUNPATH_SEARCH_PATHS = (
					"$(inherited)",
					"@executable_path/Frameworks",
				);
				MARKETING_VERSION = 1.0;
				PRODUCT_BUNDLE_IDENTIFIER = TheCantinaNeonWarthog.Ripple;
				PRODUCT_NAME = "$(TARGET_NAME)";
				SWIFT_EMIT_LOC_STRINGS = YES;
				SWIFT_VERSION = 5.0;
				TARGETED_DEVICE_FAMILY = "1,2";
			};
			name = Debug;
		};
		76D76E072742BD0A0085C294 /* Release */ = {
			isa = XCBuildConfiguration;
			buildSettings = {
				ASSETCATALOG_COMPILER_APPICON_NAME = AppIcon;
				ASSETCATALOG_COMPILER_GLOBAL_ACCENT_COLOR_NAME = AccentColor;
				CODE_SIGN_STYLE = Automatic;
				CURRENT_PROJECT_VERSION = 1;
				DEVELOPMENT_ASSET_PATHS = "\"Ripple/Preview Content\"";
				ENABLE_PREVIEWS = YES;
				GENERATE_INFOPLIST_FILE = YES;
				INFOPLIST_KEY_UIApplicationSceneManifest_Generation = YES;
				INFOPLIST_KEY_UIApplicationSupportsIndirectInputEvents = YES;
				INFOPLIST_KEY_UILaunchScreen_Generation = YES;
				INFOPLIST_KEY_UISupportedInterfaceOrientations_iPad = "UIInterfaceOrientationPortrait UIInterfaceOrientationPortraitUpsideDown UIInterfaceOrientationLandscapeLeft UIInterfaceOrientationLandscapeRight";
				INFOPLIST_KEY_UISupportedInterfaceOrientations_iPhone = "UIInterfaceOrientationPortrait UIInterfaceOrientationLandscapeLeft UIInterfaceOrientationLandscapeRight";
				IPHONEOS_DEPLOYMENT_TARGET = 14.0;
				LD_RUNPATH_SEARCH_PATHS = (
					"$(inherited)",
					"@executable_path/Frameworks",
				);
				MARKETING_VERSION = 1.0;
				PRODUCT_BUNDLE_IDENTIFIER = TheCantinaNeonWarthog.Ripple;
				PRODUCT_NAME = "$(TARGET_NAME)";
				SWIFT_EMIT_LOC_STRINGS = YES;
				SWIFT_VERSION = 5.0;
				TARGETED_DEVICE_FAMILY = "1,2";
			};
			name = Release;
		};
/* End XCBuildConfiguration section */

/* Begin XCConfigurationList section */
		76D76DF22742BD080085C294 /* Build configuration list for PBXProject "Ripple" */ = {
			isa = XCConfigurationList;
			buildConfigurations = (
				76D76E032742BD0A0085C294 /* Debug */,
				76D76E042742BD0A0085C294 /* Release */,
			);
			defaultConfigurationIsVisible = 0;
			defaultConfigurationName = Release;
		};
		76D76E052742BD0A0085C294 /* Build configuration list for PBXNativeTarget "Ripple" */ = {
			isa = XCConfigurationList;
			buildConfigurations = (
				76D76E062742BD0A0085C294 /* Debug */,
				76D76E072742BD0A0085C294 /* Release */,
			);
			defaultConfigurationIsVisible = 0;
			defaultConfigurationName = Release;
		};
/* End XCConfigurationList section */
	};
	rootObject = 76D76DEF2742BD080085C294 /* Project object */;
}
